// !$*UTF8*$!
{
	archiveVersion = 1;
	classes = {
	};
	objectVersion = 56;
	objects = {

/* Begin PBXBuildFile section */
		CE728E1F883FFA9E67711F01 /* Pods_Spotify.framework in Frameworks */ = {isa = PBXBuildFile; fileRef = CD476528A7CE697F332C744A /* Pods_Spotify.framework */; };
		D6385DFC2D514FB600120301 /* AppDelegate.swift in Sources */ = {isa = PBXBuildFile; fileRef = D6385DFB2D514FB600120301 /* AppDelegate.swift */; };
		D6385DFE2D514FB600120301 /* SceneDelegate.swift in Sources */ = {isa = PBXBuildFile; fileRef = D6385DFD2D514FB600120301 /* SceneDelegate.swift */; };
		D6385E002D514FB600120301 /* HomeViewController.swift in Sources */ = {isa = PBXBuildFile; fileRef = D6385DFF2D514FB600120301 /* HomeViewController.swift */; };
		D6385E052D514FB800120301 /* Assets.xcassets in Resources */ = {isa = PBXBuildFile; fileRef = D6385E042D514FB800120301 /* Assets.xcassets */; };
		D6385E082D514FB800120301 /* Base in Resources */ = {isa = PBXBuildFile; fileRef = D6385E072D514FB800120301 /* Base */; };
		D6385E132D514FB800120301 /* SpotifyTests.swift in Sources */ = {isa = PBXBuildFile; fileRef = D6385E122D514FB800120301 /* SpotifyTests.swift */; };
		D6385E1D2D514FB800120301 /* SpotifyUITests.swift in Sources */ = {isa = PBXBuildFile; fileRef = D6385E1C2D514FB800120301 /* SpotifyUITests.swift */; };
		D6385E1F2D514FB800120301 /* SpotifyUITestsLaunchTests.swift in Sources */ = {isa = PBXBuildFile; fileRef = D6385E1E2D514FB800120301 /* SpotifyUITestsLaunchTests.swift */; };
		D6385E322D51784300120301 /* TabBarViewController.swift in Sources */ = {isa = PBXBuildFile; fileRef = D6385E312D51784300120301 /* TabBarViewController.swift */; };
		D6385E342D51786900120301 /* SearchViewController.swift in Sources */ = {isa = PBXBuildFile; fileRef = D6385E332D51786900120301 /* SearchViewController.swift */; };
		D6385E362D51788400120301 /* LibraryViewController.swift in Sources */ = {isa = PBXBuildFile; fileRef = D6385E352D51788400120301 /* LibraryViewController.swift */; };
		D6385E3A2D5178BE00120301 /* AuthViewController.swift in Sources */ = {isa = PBXBuildFile; fileRef = D6385E392D5178BE00120301 /* AuthViewController.swift */; };
		D6385E3C2D5178CB00120301 /* WelcomeViewController.swift in Sources */ = {isa = PBXBuildFile; fileRef = D6385E3B2D5178CB00120301 /* WelcomeViewController.swift */; };
		D6385E3E2D5178DA00120301 /* SettingsViewController.swift in Sources */ = {isa = PBXBuildFile; fileRef = D6385E3D2D5178DA00120301 /* SettingsViewController.swift */; };
		D6385E402D5178E300120301 /* ProfileViewController.swift in Sources */ = {isa = PBXBuildFile; fileRef = D6385E3F2D5178E300120301 /* ProfileViewController.swift */; };
		D6385E422D5178ED00120301 /* PlayerViewController.swift in Sources */ = {isa = PBXBuildFile; fileRef = D6385E412D5178ED00120301 /* PlayerViewController.swift */; };
		D6385E442D5178F600120301 /* PlaylistViewController.swift in Sources */ = {isa = PBXBuildFile; fileRef = D6385E432D5178F600120301 /* PlaylistViewController.swift */; };
		D6385E462D51790A00120301 /* SearchResultsViewController.swift in Sources */ = {isa = PBXBuildFile; fileRef = D6385E452D51790A00120301 /* SearchResultsViewController.swift */; };
		D6385E482D51792D00120301 /* AuthManager.swift in Sources */ = {isa = PBXBuildFile; fileRef = D6385E472D51792D00120301 /* AuthManager.swift */; };
		D6385E4A2D51793B00120301 /* APICaller.swift in Sources */ = {isa = PBXBuildFile; fileRef = D6385E492D51793B00120301 /* APICaller.swift */; };
		D6385E4C2D51794C00120301 /* HapticsManager.swift in Sources */ = {isa = PBXBuildFile; fileRef = D6385E4B2D51794C00120301 /* HapticsManager.swift */; };
		D6385E4E2D51796200120301 /* Playlist.swift in Sources */ = {isa = PBXBuildFile; fileRef = D6385E4D2D51796200120301 /* Playlist.swift */; };
		D6385E502D51796D00120301 /* AudioTrack.swift in Sources */ = {isa = PBXBuildFile; fileRef = D6385E4F2D51796D00120301 /* AudioTrack.swift */; };
		D6385E522D51797600120301 /* Artist.swift in Sources */ = {isa = PBXBuildFile; fileRef = D6385E512D51797600120301 /* Artist.swift */; };
		D6385E542D51798500120301 /* UserProfile.swift in Sources */ = {isa = PBXBuildFile; fileRef = D6385E532D51798500120301 /* UserProfile.swift */; };
		D6385E562D52473900120301 /* Extensions.swift in Sources */ = {isa = PBXBuildFile; fileRef = D6385E552D52473800120301 /* Extensions.swift */; };
		D6385E582D53EB6A00120301 /* AuthResponse.swift in Sources */ = {isa = PBXBuildFile; fileRef = D6385E572D53EB6A00120301 /* AuthResponse.swift */; };
		D6385E5A2D5551F400120301 /* Settings.swift in Sources */ = {isa = PBXBuildFile; fileRef = D6385E592D5551F400120301 /* Settings.swift */; };
		D6B6FE2E2D63F80D0036E3B8 /* NewReleasesResponse.swift in Sources */ = {isa = PBXBuildFile; fileRef = D6B6FE2D2D63F80D0036E3B8 /* NewReleasesResponse.swift */; };
		D6B6FE302D63F9EC0036E3B8 /* APIImage.swift in Sources */ = {isa = PBXBuildFile; fileRef = D6B6FE2F2D63F9EC0036E3B8 /* APIImage.swift */; };
		D6B6FE322D650BCC0036E3B8 /* CategoriesResponse.swift in Sources */ = {isa = PBXBuildFile; fileRef = D6B6FE312D650BCC0036E3B8 /* CategoriesResponse.swift */; };
		D6B6FE352D676E220036E3B8 /* NewReleasesCollectionViewCell.swift in Sources */ = {isa = PBXBuildFile; fileRef = D6B6FE342D676E220036E3B8 /* NewReleasesCollectionViewCell.swift */; };
		D6B6FE372D676E410036E3B8 /* CategoriesCollectionViewCell.swift in Sources */ = {isa = PBXBuildFile; fileRef = D6B6FE362D676E410036E3B8 /* CategoriesCollectionViewCell.swift */; };
		D6B6FE392D6770620036E3B8 /* NewReleasesCellViewModel.swift in Sources */ = {isa = PBXBuildFile; fileRef = D6B6FE382D6770620036E3B8 /* NewReleasesCellViewModel.swift */; };
/* End PBXBuildFile section */

/* Begin PBXContainerItemProxy section */
		D6385E0F2D514FB800120301 /* PBXContainerItemProxy */ = {
			isa = PBXContainerItemProxy;
			containerPortal = D6385DF02D514FB600120301 /* Project object */;
			proxyType = 1;
			remoteGlobalIDString = D6385DF72D514FB600120301;
			remoteInfo = Spotify;
		};
		D6385E192D514FB800120301 /* PBXContainerItemProxy */ = {
			isa = PBXContainerItemProxy;
			containerPortal = D6385DF02D514FB600120301 /* Project object */;
			proxyType = 1;
			remoteGlobalIDString = D6385DF72D514FB600120301;
			remoteInfo = Spotify;
		};
/* End PBXContainerItemProxy section */

/* Begin PBXFileReference section */
		1696DF6958532B1FFD942926 /* Pods-Spotify.debug.xcconfig */ = {isa = PBXFileReference; includeInIndex = 1; lastKnownFileType = text.xcconfig; name = "Pods-Spotify.debug.xcconfig"; path = "Target Support Files/Pods-Spotify/Pods-Spotify.debug.xcconfig"; sourceTree = "<group>"; };
		99F3922A62C3FAA07A7CC23A /* Pods-Spotify.release.xcconfig */ = {isa = PBXFileReference; includeInIndex = 1; lastKnownFileType = text.xcconfig; name = "Pods-Spotify.release.xcconfig"; path = "Target Support Files/Pods-Spotify/Pods-Spotify.release.xcconfig"; sourceTree = "<group>"; };
		CD476528A7CE697F332C744A /* Pods_Spotify.framework */ = {isa = PBXFileReference; explicitFileType = wrapper.framework; includeInIndex = 0; path = Pods_Spotify.framework; sourceTree = BUILT_PRODUCTS_DIR; };
		D6385DF82D514FB600120301 /* Spotify.app */ = {isa = PBXFileReference; explicitFileType = wrapper.application; includeInIndex = 0; path = Spotify.app; sourceTree = BUILT_PRODUCTS_DIR; };
		D6385DFB2D514FB600120301 /* AppDelegate.swift */ = {isa = PBXFileReference; lastKnownFileType = sourcecode.swift; path = AppDelegate.swift; sourceTree = "<group>"; };
		D6385DFD2D514FB600120301 /* SceneDelegate.swift */ = {isa = PBXFileReference; lastKnownFileType = sourcecode.swift; path = SceneDelegate.swift; sourceTree = "<group>"; };
		D6385DFF2D514FB600120301 /* HomeViewController.swift */ = {isa = PBXFileReference; lastKnownFileType = sourcecode.swift; path = HomeViewController.swift; sourceTree = "<group>"; };
		D6385E042D514FB800120301 /* Assets.xcassets */ = {isa = PBXFileReference; lastKnownFileType = folder.assetcatalog; path = Assets.xcassets; sourceTree = "<group>"; };
		D6385E072D514FB800120301 /* Base */ = {isa = PBXFileReference; lastKnownFileType = file.storyboard; name = Base; path = Base.lproj/LaunchScreen.storyboard; sourceTree = "<group>"; };
		D6385E092D514FB800120301 /* Info.plist */ = {isa = PBXFileReference; lastKnownFileType = text.plist.xml; path = Info.plist; sourceTree = "<group>"; };
		D6385E0E2D514FB800120301 /* SpotifyTests.xctest */ = {isa = PBXFileReference; explicitFileType = wrapper.cfbundle; includeInIndex = 0; path = SpotifyTests.xctest; sourceTree = BUILT_PRODUCTS_DIR; };
		D6385E122D514FB800120301 /* SpotifyTests.swift */ = {isa = PBXFileReference; lastKnownFileType = sourcecode.swift; path = SpotifyTests.swift; sourceTree = "<group>"; };
		D6385E182D514FB800120301 /* SpotifyUITests.xctest */ = {isa = PBXFileReference; explicitFileType = wrapper.cfbundle; includeInIndex = 0; path = SpotifyUITests.xctest; sourceTree = BUILT_PRODUCTS_DIR; };
		D6385E1C2D514FB800120301 /* SpotifyUITests.swift */ = {isa = PBXFileReference; lastKnownFileType = sourcecode.swift; path = SpotifyUITests.swift; sourceTree = "<group>"; };
		D6385E1E2D514FB800120301 /* SpotifyUITestsLaunchTests.swift */ = {isa = PBXFileReference; lastKnownFileType = sourcecode.swift; path = SpotifyUITestsLaunchTests.swift; sourceTree = "<group>"; };
		D6385E312D51784300120301 /* TabBarViewController.swift */ = {isa = PBXFileReference; lastKnownFileType = sourcecode.swift; path = TabBarViewController.swift; sourceTree = "<group>"; };
		D6385E332D51786900120301 /* SearchViewController.swift */ = {isa = PBXFileReference; lastKnownFileType = sourcecode.swift; path = SearchViewController.swift; sourceTree = "<group>"; };
		D6385E352D51788400120301 /* LibraryViewController.swift */ = {isa = PBXFileReference; lastKnownFileType = sourcecode.swift; path = LibraryViewController.swift; sourceTree = "<group>"; };
		D6385E392D5178BE00120301 /* AuthViewController.swift */ = {isa = PBXFileReference; lastKnownFileType = sourcecode.swift; path = AuthViewController.swift; sourceTree = "<group>"; };
		D6385E3B2D5178CB00120301 /* WelcomeViewController.swift */ = {isa = PBXFileReference; lastKnownFileType = sourcecode.swift; path = WelcomeViewController.swift; sourceTree = "<group>"; };
		D6385E3D2D5178DA00120301 /* SettingsViewController.swift */ = {isa = PBXFileReference; lastKnownFileType = sourcecode.swift; path = SettingsViewController.swift; sourceTree = "<group>"; };
		D6385E3F2D5178E300120301 /* ProfileViewController.swift */ = {isa = PBXFileReference; lastKnownFileType = sourcecode.swift; path = ProfileViewController.swift; sourceTree = "<group>"; };
		D6385E412D5178ED00120301 /* PlayerViewController.swift */ = {isa = PBXFileReference; lastKnownFileType = sourcecode.swift; path = PlayerViewController.swift; sourceTree = "<group>"; };
		D6385E432D5178F600120301 /* PlaylistViewController.swift */ = {isa = PBXFileReference; lastKnownFileType = sourcecode.swift; path = PlaylistViewController.swift; sourceTree = "<group>"; };
		D6385E452D51790A00120301 /* SearchResultsViewController.swift */ = {isa = PBXFileReference; lastKnownFileType = sourcecode.swift; path = SearchResultsViewController.swift; sourceTree = "<group>"; };
		D6385E472D51792D00120301 /* AuthManager.swift */ = {isa = PBXFileReference; lastKnownFileType = sourcecode.swift; path = AuthManager.swift; sourceTree = "<group>"; };
		D6385E492D51793B00120301 /* APICaller.swift */ = {isa = PBXFileReference; lastKnownFileType = sourcecode.swift; path = APICaller.swift; sourceTree = "<group>"; };
		D6385E4B2D51794C00120301 /* HapticsManager.swift */ = {isa = PBXFileReference; lastKnownFileType = sourcecode.swift; path = HapticsManager.swift; sourceTree = "<group>"; };
		D6385E4D2D51796200120301 /* Playlist.swift */ = {isa = PBXFileReference; lastKnownFileType = sourcecode.swift; path = Playlist.swift; sourceTree = "<group>"; };
		D6385E4F2D51796D00120301 /* AudioTrack.swift */ = {isa = PBXFileReference; lastKnownFileType = sourcecode.swift; path = AudioTrack.swift; sourceTree = "<group>"; };
		D6385E512D51797600120301 /* Artist.swift */ = {isa = PBXFileReference; lastKnownFileType = sourcecode.swift; path = Artist.swift; sourceTree = "<group>"; };
		D6385E532D51798500120301 /* UserProfile.swift */ = {isa = PBXFileReference; lastKnownFileType = sourcecode.swift; path = UserProfile.swift; sourceTree = "<group>"; };
		D6385E552D52473800120301 /* Extensions.swift */ = {isa = PBXFileReference; lastKnownFileType = sourcecode.swift; path = Extensions.swift; sourceTree = "<group>"; };
		D6385E572D53EB6A00120301 /* AuthResponse.swift */ = {isa = PBXFileReference; lastKnownFileType = sourcecode.swift; path = AuthResponse.swift; sourceTree = "<group>"; };
		D6385E592D5551F400120301 /* Settings.swift */ = {isa = PBXFileReference; lastKnownFileType = sourcecode.swift; path = Settings.swift; sourceTree = "<group>"; };
		D6B6FE2D2D63F80D0036E3B8 /* NewReleasesResponse.swift */ = {isa = PBXFileReference; lastKnownFileType = sourcecode.swift; path = NewReleasesResponse.swift; sourceTree = "<group>"; };
		D6B6FE2F2D63F9EC0036E3B8 /* APIImage.swift */ = {isa = PBXFileReference; lastKnownFileType = sourcecode.swift; path = APIImage.swift; sourceTree = "<group>"; };
		D6B6FE312D650BCC0036E3B8 /* CategoriesResponse.swift */ = {isa = PBXFileReference; lastKnownFileType = sourcecode.swift; path = CategoriesResponse.swift; sourceTree = "<group>"; };
		D6B6FE342D676E220036E3B8 /* NewReleasesCollectionViewCell.swift */ = {isa = PBXFileReference; lastKnownFileType = sourcecode.swift; path = NewReleasesCollectionViewCell.swift; sourceTree = "<group>"; };
		D6B6FE362D676E410036E3B8 /* CategoriesCollectionViewCell.swift */ = {isa = PBXFileReference; lastKnownFileType = sourcecode.swift; path = CategoriesCollectionViewCell.swift; sourceTree = "<group>"; };
		D6B6FE382D6770620036E3B8 /* NewReleasesCellViewModel.swift */ = {isa = PBXFileReference; lastKnownFileType = sourcecode.swift; path = NewReleasesCellViewModel.swift; sourceTree = "<group>"; };
/* End PBXFileReference section */

/* Begin PBXFrameworksBuildPhase section */
		D6385DF52D514FB600120301 /* Frameworks */ = {
			isa = PBXFrameworksBuildPhase;
			buildActionMask = 2147483647;
			files = (
				CE728E1F883FFA9E67711F01 /* Pods_Spotify.framework in Frameworks */,
			);
			runOnlyForDeploymentPostprocessing = 0;
		};
		D6385E0B2D514FB800120301 /* Frameworks */ = {
			isa = PBXFrameworksBuildPhase;
			buildActionMask = 2147483647;
			files = (
			);
			runOnlyForDeploymentPostprocessing = 0;
		};
		D6385E152D514FB800120301 /* Frameworks */ = {
			isa = PBXFrameworksBuildPhase;
			buildActionMask = 2147483647;
			files = (
			);
			runOnlyForDeploymentPostprocessing = 0;
		};
/* End PBXFrameworksBuildPhase section */

/* Begin PBXGroup section */
		14AA45E56AD69AAE4619F755 /* Frameworks */ = {
			isa = PBXGroup;
			children = (
				CD476528A7CE697F332C744A /* Pods_Spotify.framework */,
			);
			name = Frameworks;
			sourceTree = "<group>";
		};
		7F25E660463F9DA1D4535752 /* Pods */ = {
			isa = PBXGroup;
			children = (
				1696DF6958532B1FFD942926 /* Pods-Spotify.debug.xcconfig */,
				99F3922A62C3FAA07A7CC23A /* Pods-Spotify.release.xcconfig */,
			);
			path = Pods;
			sourceTree = "<group>";
		};
		D6385DEF2D514FB600120301 = {
			isa = PBXGroup;
			children = (
				D6385DFA2D514FB600120301 /* Spotify */,
				D6385E112D514FB800120301 /* SpotifyTests */,
				D6385E1B2D514FB800120301 /* SpotifyUITests */,
				D6385DF92D514FB600120301 /* Products */,
				7F25E660463F9DA1D4535752 /* Pods */,
				14AA45E56AD69AAE4619F755 /* Frameworks */,
			);
			sourceTree = "<group>";
		};
		D6385DF92D514FB600120301 /* Products */ = {
			isa = PBXGroup;
			children = (
				D6385DF82D514FB600120301 /* Spotify.app */,
				D6385E0E2D514FB800120301 /* SpotifyTests.xctest */,
				D6385E182D514FB800120301 /* SpotifyUITests.xctest */,
			);
			name = Products;
			sourceTree = "<group>";
		};
		D6385DFA2D514FB600120301 /* Spotify */ = {
			isa = PBXGroup;
			children = (
				D6385E302D514FFC00120301 /* Ressources */,
				D6385E2F2D514FF400120301 /* Managers */,
				D6385E2E2D514FEA00120301 /* Controllers */,
				D6385E2D2D514FE100120301 /* ViewModels */,
				D6385E2C2D514FD900120301 /* Models */,
				D6385E2B2D514FD100120301 /* Views */,
				D6385E092D514FB800120301 /* Info.plist */,
			);
			path = Spotify;
			sourceTree = "<group>";
		};
		D6385E112D514FB800120301 /* SpotifyTests */ = {
			isa = PBXGroup;
			children = (
				D6385E122D514FB800120301 /* SpotifyTests.swift */,
			);
			path = SpotifyTests;
			sourceTree = "<group>";
		};
		D6385E1B2D514FB800120301 /* SpotifyUITests */ = {
			isa = PBXGroup;
			children = (
				D6385E1C2D514FB800120301 /* SpotifyUITests.swift */,
				D6385E1E2D514FB800120301 /* SpotifyUITestsLaunchTests.swift */,
			);
			path = SpotifyUITests;
			sourceTree = "<group>";
		};
		D6385E2B2D514FD100120301 /* Views */ = {
			isa = PBXGroup;
			children = (
				D6B6FE332D676DD00036E3B8 /* Browse */,
				D6385E062D514FB800120301 /* LaunchScreen.storyboard */,
			);
			path = Views;
			sourceTree = "<group>";
		};
		D6385E2C2D514FD900120301 /* Models */ = {
			isa = PBXGroup;
			children = (
				D6385E4D2D51796200120301 /* Playlist.swift */,
				D6385E4F2D51796D00120301 /* AudioTrack.swift */,
				D6385E512D51797600120301 /* Artist.swift */,
				D6385E532D51798500120301 /* UserProfile.swift */,
				D6385E572D53EB6A00120301 /* AuthResponse.swift */,
				D6385E592D5551F400120301 /* Settings.swift */,
				D6B6FE2D2D63F80D0036E3B8 /* NewReleasesResponse.swift */,
				D6B6FE2F2D63F9EC0036E3B8 /* APIImage.swift */,
				D6B6FE312D650BCC0036E3B8 /* CategoriesResponse.swift */,
			);
			path = Models;
			sourceTree = "<group>";
		};
		D6385E2D2D514FE100120301 /* ViewModels */ = {
			isa = PBXGroup;
			children = (
				D6B6FE382D6770620036E3B8 /* NewReleasesCellViewModel.swift */,
			);
			path = ViewModels;
			sourceTree = "<group>";
		};
		D6385E2E2D514FEA00120301 /* Controllers */ = {
			isa = PBXGroup;
			children = (
				D6385E382D5178AF00120301 /* Other */,
				D6385E372D51788C00120301 /* Core */,
			);
			path = Controllers;
			sourceTree = "<group>";
		};
		D6385E2F2D514FF400120301 /* Managers */ = {
			isa = PBXGroup;
			children = (
				D6385E472D51792D00120301 /* AuthManager.swift */,
				D6385E492D51793B00120301 /* APICaller.swift */,
				D6385E4B2D51794C00120301 /* HapticsManager.swift */,
			);
			path = Managers;
			sourceTree = "<group>";
		};
		D6385E302D514FFC00120301 /* Ressources */ = {
			isa = PBXGroup;
			children = (
				D6385E042D514FB800120301 /* Assets.xcassets */,
				D6385DFD2D514FB600120301 /* SceneDelegate.swift */,
				D6385DFB2D514FB600120301 /* AppDelegate.swift */,
				D6385E552D52473800120301 /* Extensions.swift */,
			);
			path = Ressources;
			sourceTree = "<group>";
		};
		D6385E372D51788C00120301 /* Core */ = {
			isa = PBXGroup;
			children = (
				D6385E312D51784300120301 /* TabBarViewController.swift */,
				D6385E332D51786900120301 /* SearchViewController.swift */,
				D6385E352D51788400120301 /* LibraryViewController.swift */,
				D6385DFF2D514FB600120301 /* HomeViewController.swift */,
			);
			path = Core;
			sourceTree = "<group>";
		};
		D6385E382D5178AF00120301 /* Other */ = {
			isa = PBXGroup;
			children = (
				D6385E392D5178BE00120301 /* AuthViewController.swift */,
				D6385E3B2D5178CB00120301 /* WelcomeViewController.swift */,
				D6385E3D2D5178DA00120301 /* SettingsViewController.swift */,
				D6385E3F2D5178E300120301 /* ProfileViewController.swift */,
				D6385E412D5178ED00120301 /* PlayerViewController.swift */,
				D6385E432D5178F600120301 /* PlaylistViewController.swift */,
				D6385E452D51790A00120301 /* SearchResultsViewController.swift */,
			);
			path = Other;
			sourceTree = "<group>";
		};
		D6B6FE332D676DD00036E3B8 /* Browse */ = {
			isa = PBXGroup;
			children = (
				D6B6FE342D676E220036E3B8 /* NewReleasesCollectionViewCell.swift */,
				D6B6FE362D676E410036E3B8 /* CategoriesCollectionViewCell.swift */,
			);
			path = Browse;
			sourceTree = "<group>";
		};
/* End PBXGroup section */

/* Begin PBXNativeTarget section */
		D6385DF72D514FB600120301 /* Spotify */ = {
			isa = PBXNativeTarget;
			buildConfigurationList = D6385E222D514FB800120301 /* Build configuration list for PBXNativeTarget "Spotify" */;
			buildPhases = (
				73064CCAA880ADAC7F811484 /* [CP] Check Pods Manifest.lock */,
				D6385DF42D514FB600120301 /* Sources */,
				D6385DF52D514FB600120301 /* Frameworks */,
				D6385DF62D514FB600120301 /* Resources */,
				D5D189FC0D130415F3564669 /* [CP] Embed Pods Frameworks */,
			);
			buildRules = (
			);
			dependencies = (
			);
			name = Spotify;
			productName = Spotify;
			productReference = D6385DF82D514FB600120301 /* Spotify.app */;
			productType = "com.apple.product-type.application";
		};
		D6385E0D2D514FB800120301 /* SpotifyTests */ = {
			isa = PBXNativeTarget;
			buildConfigurationList = D6385E252D514FB800120301 /* Build configuration list for PBXNativeTarget "SpotifyTests" */;
			buildPhases = (
				D6385E0A2D514FB800120301 /* Sources */,
				D6385E0B2D514FB800120301 /* Frameworks */,
				D6385E0C2D514FB800120301 /* Resources */,
			);
			buildRules = (
			);
			dependencies = (
				D6385E102D514FB800120301 /* PBXTargetDependency */,
			);
			name = SpotifyTests;
			productName = SpotifyTests;
			productReference = D6385E0E2D514FB800120301 /* SpotifyTests.xctest */;
			productType = "com.apple.product-type.bundle.unit-test";
		};
		D6385E172D514FB800120301 /* SpotifyUITests */ = {
			isa = PBXNativeTarget;
			buildConfigurationList = D6385E282D514FB800120301 /* Build configuration list for PBXNativeTarget "SpotifyUITests" */;
			buildPhases = (
				D6385E142D514FB800120301 /* Sources */,
				D6385E152D514FB800120301 /* Frameworks */,
				D6385E162D514FB800120301 /* Resources */,
			);
			buildRules = (
			);
			dependencies = (
				D6385E1A2D514FB800120301 /* PBXTargetDependency */,
			);
			name = SpotifyUITests;
			productName = SpotifyUITests;
			productReference = D6385E182D514FB800120301 /* SpotifyUITests.xctest */;
			productType = "com.apple.product-type.bundle.ui-testing";
		};
/* End PBXNativeTarget section */

/* Begin PBXProject section */
		D6385DF02D514FB600120301 /* Project object */ = {
			isa = PBXProject;
			attributes = {
				BuildIndependentTargetsInParallel = 1;
				LastSwiftUpdateCheck = 1540;
				LastUpgradeCheck = 1540;
				TargetAttributes = {
					D6385DF72D514FB600120301 = {
						CreatedOnToolsVersion = 15.4;
					};
					D6385E0D2D514FB800120301 = {
						CreatedOnToolsVersion = 15.4;
						TestTargetID = D6385DF72D514FB600120301;
					};
					D6385E172D514FB800120301 = {
						CreatedOnToolsVersion = 15.4;
						TestTargetID = D6385DF72D514FB600120301;
					};
				};
			};
			buildConfigurationList = D6385DF32D514FB600120301 /* Build configuration list for PBXProject "Spotify" */;
			compatibilityVersion = "Xcode 14.0";
			developmentRegion = en;
			hasScannedForEncodings = 0;
			knownRegions = (
				en,
				Base,
			);
			mainGroup = D6385DEF2D514FB600120301;
			productRefGroup = D6385DF92D514FB600120301 /* Products */;
			projectDirPath = "";
			projectRoot = "";
			targets = (
				D6385DF72D514FB600120301 /* Spotify */,
				D6385E0D2D514FB800120301 /* SpotifyTests */,
				D6385E172D514FB800120301 /* SpotifyUITests */,
			);
		};
/* End PBXProject section */

/* Begin PBXResourcesBuildPhase section */
		D6385DF62D514FB600120301 /* Resources */ = {
			isa = PBXResourcesBuildPhase;
			buildActionMask = 2147483647;
			files = (
				D6385E052D514FB800120301 /* Assets.xcassets in Resources */,
				D6385E082D514FB800120301 /* Base in Resources */,
			);
			runOnlyForDeploymentPostprocessing = 0;
		};
		D6385E0C2D514FB800120301 /* Resources */ = {
			isa = PBXResourcesBuildPhase;
			buildActionMask = 2147483647;
			files = (
			);
			runOnlyForDeploymentPostprocessing = 0;
		};
		D6385E162D514FB800120301 /* Resources */ = {
			isa = PBXResourcesBuildPhase;
			buildActionMask = 2147483647;
			files = (
			);
			runOnlyForDeploymentPostprocessing = 0;
		};
/* End PBXResourcesBuildPhase section */

/* Begin PBXShellScriptBuildPhase section */
		73064CCAA880ADAC7F811484 /* [CP] Check Pods Manifest.lock */ = {
			isa = PBXShellScriptBuildPhase;
			buildActionMask = 2147483647;
			files = (
			);
			inputFileListPaths = (
			);
			inputPaths = (
				"${PODS_PODFILE_DIR_PATH}/Podfile.lock",
				"${PODS_ROOT}/Manifest.lock",
			);
			name = "[CP] Check Pods Manifest.lock";
			outputFileListPaths = (
			);
			outputPaths = (
				"$(DERIVED_FILE_DIR)/Pods-Spotify-checkManifestLockResult.txt",
			);
			runOnlyForDeploymentPostprocessing = 0;
			shellPath = /bin/sh;
			shellScript = "diff \"${PODS_PODFILE_DIR_PATH}/Podfile.lock\" \"${PODS_ROOT}/Manifest.lock\" > /dev/null\nif [ $? != 0 ] ; then\n    # print error to STDERR\n    echo \"error: The sandbox is not in sync with the Podfile.lock. Run 'pod install' or update your CocoaPods installation.\" >&2\n    exit 1\nfi\n# This output is used by Xcode 'outputs' to avoid re-running this script phase.\necho \"SUCCESS\" > \"${SCRIPT_OUTPUT_FILE_0}\"\n";
			showEnvVarsInLog = 0;
		};
		D5D189FC0D130415F3564669 /* [CP] Embed Pods Frameworks */ = {
			isa = PBXShellScriptBuildPhase;
			buildActionMask = 2147483647;
			files = (
			);
			inputFileListPaths = (
				"${PODS_ROOT}/Target Support Files/Pods-Spotify/Pods-Spotify-frameworks-${CONFIGURATION}-input-files.xcfilelist",
			);
			name = "[CP] Embed Pods Frameworks";
			outputFileListPaths = (
				"${PODS_ROOT}/Target Support Files/Pods-Spotify/Pods-Spotify-frameworks-${CONFIGURATION}-output-files.xcfilelist",
			);
			runOnlyForDeploymentPostprocessing = 0;
			shellPath = /bin/sh;
			shellScript = "\"${PODS_ROOT}/Target Support Files/Pods-Spotify/Pods-Spotify-frameworks.sh\"\n";
			showEnvVarsInLog = 0;
		};
/* End PBXShellScriptBuildPhase section */

/* Begin PBXSourcesBuildPhase section */
		D6385DF42D514FB600120301 /* Sources */ = {
			isa = PBXSourcesBuildPhase;
			buildActionMask = 2147483647;
			files = (
				D6385E342D51786900120301 /* SearchViewController.swift in Sources */,
				D6385E4E2D51796200120301 /* Playlist.swift in Sources */,
				D6385E482D51792D00120301 /* AuthManager.swift in Sources */,
				D6385E462D51790A00120301 /* SearchResultsViewController.swift in Sources */,
				D6B6FE302D63F9EC0036E3B8 /* APIImage.swift in Sources */,
				D6385E3C2D5178CB00120301 /* WelcomeViewController.swift in Sources */,
				D6385E402D5178E300120301 /* ProfileViewController.swift in Sources */,
				D6385E322D51784300120301 /* TabBarViewController.swift in Sources */,
				D6385E4C2D51794C00120301 /* HapticsManager.swift in Sources */,
				D6385E5A2D5551F400120301 /* Settings.swift in Sources */,
				D6B6FE2E2D63F80D0036E3B8 /* NewReleasesResponse.swift in Sources */,
				D6385E582D53EB6A00120301 /* AuthResponse.swift in Sources */,
				D6385E502D51796D00120301 /* AudioTrack.swift in Sources */,
				D6385E002D514FB600120301 /* HomeViewController.swift in Sources */,
				D6B6FE322D650BCC0036E3B8 /* CategoriesResponse.swift in Sources */,
				D6B6FE352D676E220036E3B8 /* NewReleasesCollectionViewCell.swift in Sources */,
				D6385E3A2D5178BE00120301 /* AuthViewController.swift in Sources */,
				D6385DFC2D514FB600120301 /* AppDelegate.swift in Sources */,
				D6385E542D51798500120301 /* UserProfile.swift in Sources */,
				D6385E562D52473900120301 /* Extensions.swift in Sources */,
				D6385E362D51788400120301 /* LibraryViewController.swift in Sources */,
				D6385E522D51797600120301 /* Artist.swift in Sources */,
				D6B6FE392D6770620036E3B8 /* NewReleasesCellViewModel.swift in Sources */,
				D6B6FE372D676E410036E3B8 /* CategoriesCollectionViewCell.swift in Sources */,
				D6385E442D5178F600120301 /* PlaylistViewController.swift in Sources */,
				D6385DFE2D514FB600120301 /* SceneDelegate.swift in Sources */,
				D6385E422D5178ED00120301 /* PlayerViewController.swift in Sources */,
				D6385E4A2D51793B00120301 /* APICaller.swift in Sources */,
				D6385E3E2D5178DA00120301 /* SettingsViewController.swift in Sources */,
			);
			runOnlyForDeploymentPostprocessing = 0;
		};
		D6385E0A2D514FB800120301 /* Sources */ = {
			isa = PBXSourcesBuildPhase;
			buildActionMask = 2147483647;
			files = (
				D6385E132D514FB800120301 /* SpotifyTests.swift in Sources */,
			);
			runOnlyForDeploymentPostprocessing = 0;
		};
		D6385E142D514FB800120301 /* Sources */ = {
			isa = PBXSourcesBuildPhase;
			buildActionMask = 2147483647;
			files = (
				D6385E1D2D514FB800120301 /* SpotifyUITests.swift in Sources */,
				D6385E1F2D514FB800120301 /* SpotifyUITestsLaunchTests.swift in Sources */,
			);
			runOnlyForDeploymentPostprocessing = 0;
		};
/* End PBXSourcesBuildPhase section */

/* Begin PBXTargetDependency section */
		D6385E102D514FB800120301 /* PBXTargetDependency */ = {
			isa = PBXTargetDependency;
			target = D6385DF72D514FB600120301 /* Spotify */;
			targetProxy = D6385E0F2D514FB800120301 /* PBXContainerItemProxy */;
		};
		D6385E1A2D514FB800120301 /* PBXTargetDependency */ = {
			isa = PBXTargetDependency;
			target = D6385DF72D514FB600120301 /* Spotify */;
			targetProxy = D6385E192D514FB800120301 /* PBXContainerItemProxy */;
		};
/* End PBXTargetDependency section */

/* Begin PBXVariantGroup section */
		D6385E062D514FB800120301 /* LaunchScreen.storyboard */ = {
			isa = PBXVariantGroup;
			children = (
				D6385E072D514FB800120301 /* Base */,
			);
			name = LaunchScreen.storyboard;
			sourceTree = "<group>";
		};
/* End PBXVariantGroup section */

/* Begin XCBuildConfiguration section */
		D6385E202D514FB800120301 /* Debug */ = {
			isa = XCBuildConfiguration;
			buildSettings = {
				ALWAYS_SEARCH_USER_PATHS = NO;
				ASSETCATALOG_COMPILER_GENERATE_SWIFT_ASSET_SYMBOL_EXTENSIONS = YES;
				CLANG_ANALYZER_NONNULL = YES;
				CLANG_ANALYZER_NUMBER_OBJECT_CONVERSION = YES_AGGRESSIVE;
				CLANG_CXX_LANGUAGE_STANDARD = "gnu++20";
				CLANG_ENABLE_MODULES = YES;
				CLANG_ENABLE_OBJC_ARC = YES;
				CLANG_ENABLE_OBJC_WEAK = YES;
				CLANG_WARN_BLOCK_CAPTURE_AUTORELEASING = YES;
				CLANG_WARN_BOOL_CONVERSION = YES;
				CLANG_WARN_COMMA = YES;
				CLANG_WARN_CONSTANT_CONVERSION = YES;
				CLANG_WARN_DEPRECATED_OBJC_IMPLEMENTATIONS = YES;
				CLANG_WARN_DIRECT_OBJC_ISA_USAGE = YES_ERROR;
				CLANG_WARN_DOCUMENTATION_COMMENTS = YES;
				CLANG_WARN_EMPTY_BODY = YES;
				CLANG_WARN_ENUM_CONVERSION = YES;
				CLANG_WARN_INFINITE_RECURSION = YES;
				CLANG_WARN_INT_CONVERSION = YES;
				CLANG_WARN_NON_LITERAL_NULL_CONVERSION = YES;
				CLANG_WARN_OBJC_IMPLICIT_RETAIN_SELF = YES;
				CLANG_WARN_OBJC_LITERAL_CONVERSION = YES;
				CLANG_WARN_OBJC_ROOT_CLASS = YES_ERROR;
				CLANG_WARN_QUOTED_INCLUDE_IN_FRAMEWORK_HEADER = YES;
				CLANG_WARN_RANGE_LOOP_ANALYSIS = YES;
				CLANG_WARN_STRICT_PROTOTYPES = YES;
				CLANG_WARN_SUSPICIOUS_MOVE = YES;
				CLANG_WARN_UNGUARDED_AVAILABILITY = YES_AGGRESSIVE;
				CLANG_WARN_UNREACHABLE_CODE = YES;
				CLANG_WARN__DUPLICATE_METHOD_MATCH = YES;
				COPY_PHASE_STRIP = NO;
				DEBUG_INFORMATION_FORMAT = dwarf;
				ENABLE_STRICT_OBJC_MSGSEND = YES;
				ENABLE_TESTABILITY = YES;
				ENABLE_USER_SCRIPT_SANDBOXING = NO;
				GCC_C_LANGUAGE_STANDARD = gnu17;
				GCC_DYNAMIC_NO_PIC = NO;
				GCC_NO_COMMON_BLOCKS = YES;
				GCC_OPTIMIZATION_LEVEL = 0;
				GCC_PREPROCESSOR_DEFINITIONS = (
					"DEBUG=1",
					"$(inherited)",
				);
				GCC_WARN_64_TO_32_BIT_CONVERSION = YES;
				GCC_WARN_ABOUT_RETURN_TYPE = YES_ERROR;
				GCC_WARN_UNDECLARED_SELECTOR = YES;
				GCC_WARN_UNINITIALIZED_AUTOS = YES_AGGRESSIVE;
				GCC_WARN_UNUSED_FUNCTION = YES;
				GCC_WARN_UNUSED_VARIABLE = YES;
				IPHONEOS_DEPLOYMENT_TARGET = 17.5;
				LOCALIZATION_PREFERS_STRING_CATALOGS = YES;
				MTL_ENABLE_DEBUG_INFO = INCLUDE_SOURCE;
				MTL_FAST_MATH = YES;
				ONLY_ACTIVE_ARCH = YES;
				SDKROOT = iphoneos;
				SWIFT_ACTIVE_COMPILATION_CONDITIONS = "DEBUG $(inherited)";
				SWIFT_OPTIMIZATION_LEVEL = "-Onone";
			};
			name = Debug;
		};
		D6385E212D514FB800120301 /* Release */ = {
			isa = XCBuildConfiguration;
			buildSettings = {
				ALWAYS_SEARCH_USER_PATHS = NO;
				ASSETCATALOG_COMPILER_GENERATE_SWIFT_ASSET_SYMBOL_EXTENSIONS = YES;
				CLANG_ANALYZER_NONNULL = YES;
				CLANG_ANALYZER_NUMBER_OBJECT_CONVERSION = YES_AGGRESSIVE;
				CLANG_CXX_LANGUAGE_STANDARD = "gnu++20";
				CLANG_ENABLE_MODULES = YES;
				CLANG_ENABLE_OBJC_ARC = YES;
				CLANG_ENABLE_OBJC_WEAK = YES;
				CLANG_WARN_BLOCK_CAPTURE_AUTORELEASING = YES;
				CLANG_WARN_BOOL_CONVERSION = YES;
				CLANG_WARN_COMMA = YES;
				CLANG_WARN_CONSTANT_CONVERSION = YES;
				CLANG_WARN_DEPRECATED_OBJC_IMPLEMENTATIONS = YES;
				CLANG_WARN_DIRECT_OBJC_ISA_USAGE = YES_ERROR;
				CLANG_WARN_DOCUMENTATION_COMMENTS = YES;
				CLANG_WARN_EMPTY_BODY = YES;
				CLANG_WARN_ENUM_CONVERSION = YES;
				CLANG_WARN_INFINITE_RECURSION = YES;
				CLANG_WARN_INT_CONVERSION = YES;
				CLANG_WARN_NON_LITERAL_NULL_CONVERSION = YES;
				CLANG_WARN_OBJC_IMPLICIT_RETAIN_SELF = YES;
				CLANG_WARN_OBJC_LITERAL_CONVERSION = YES;
				CLANG_WARN_OBJC_ROOT_CLASS = YES_ERROR;
				CLANG_WARN_QUOTED_INCLUDE_IN_FRAMEWORK_HEADER = YES;
				CLANG_WARN_RANGE_LOOP_ANALYSIS = YES;
				CLANG_WARN_STRICT_PROTOTYPES = YES;
				CLANG_WARN_SUSPICIOUS_MOVE = YES;
				CLANG_WARN_UNGUARDED_AVAILABILITY = YES_AGGRESSIVE;
				CLANG_WARN_UNREACHABLE_CODE = YES;
				CLANG_WARN__DUPLICATE_METHOD_MATCH = YES;
				COPY_PHASE_STRIP = NO;
				DEBUG_INFORMATION_FORMAT = "dwarf-with-dsym";
				ENABLE_NS_ASSERTIONS = NO;
				ENABLE_STRICT_OBJC_MSGSEND = YES;
				ENABLE_USER_SCRIPT_SANDBOXING = NO;
				GCC_C_LANGUAGE_STANDARD = gnu17;
				GCC_NO_COMMON_BLOCKS = YES;
				GCC_WARN_64_TO_32_BIT_CONVERSION = YES;
				GCC_WARN_ABOUT_RETURN_TYPE = YES_ERROR;
				GCC_WARN_UNDECLARED_SELECTOR = YES;
				GCC_WARN_UNINITIALIZED_AUTOS = YES_AGGRESSIVE;
				GCC_WARN_UNUSED_FUNCTION = YES;
				GCC_WARN_UNUSED_VARIABLE = YES;
				IPHONEOS_DEPLOYMENT_TARGET = 17.5;
				LOCALIZATION_PREFERS_STRING_CATALOGS = YES;
				MTL_ENABLE_DEBUG_INFO = NO;
				MTL_FAST_MATH = YES;
				SDKROOT = iphoneos;
				SWIFT_COMPILATION_MODE = wholemodule;
				VALIDATE_PRODUCT = YES;
			};
			name = Release;
		};
		D6385E232D514FB800120301 /* Debug */ = {
			isa = XCBuildConfiguration;
			baseConfigurationReference = 1696DF6958532B1FFD942926 /* Pods-Spotify.debug.xcconfig */;
			buildSettings = {
				ASSETCATALOG_COMPILER_APPICON_NAME = AppIcon;
				ASSETCATALOG_COMPILER_GLOBAL_ACCENT_COLOR_NAME = AccentColor;
				CODE_SIGN_STYLE = Automatic;
				CURRENT_PROJECT_VERSION = 1;
				DEVELOPMENT_TEAM = 9KK8ARQW28;
				GENERATE_INFOPLIST_FILE = YES;
				INFOPLIST_FILE = Spotify/Info.plist;
				INFOPLIST_KEY_UIApplicationSupportsIndirectInputEvents = YES;
				INFOPLIST_KEY_UILaunchStoryboardName = LaunchScreen;
				INFOPLIST_KEY_UISupportedInterfaceOrientations_iPad = "UIInterfaceOrientationPortrait UIInterfaceOrientationPortraitUpsideDown UIInterfaceOrientationLandscapeLeft UIInterfaceOrientationLandscapeRight";
				INFOPLIST_KEY_UISupportedInterfaceOrientations_iPhone = "UIInterfaceOrientationPortrait UIInterfaceOrientationLandscapeLeft UIInterfaceOrientationLandscapeRight";
				IPHONEOS_DEPLOYMENT_TARGET = 17.5;
				LD_RUNPATH_SEARCH_PATHS = (
					"$(inherited)",
					"@executable_path/Frameworks",
				);
				MARKETING_VERSION = 1.0;
				PRODUCT_BUNDLE_IDENTIFIER = thamenezs.Spotify;
				PRODUCT_NAME = "$(TARGET_NAME)";
				SWIFT_EMIT_LOC_STRINGS = YES;
				SWIFT_VERSION = 5.0;
				TARGETED_DEVICE_FAMILY = "1,2";
			};
			name = Debug;
		};
		D6385E242D514FB800120301 /* Release */ = {
			isa = XCBuildConfiguration;
			baseConfigurationReference = 99F3922A62C3FAA07A7CC23A /* Pods-Spotify.release.xcconfig */;
			buildSettings = {
				ASSETCATALOG_COMPILER_APPICON_NAME = AppIcon;
				ASSETCATALOG_COMPILER_GLOBAL_ACCENT_COLOR_NAME = AccentColor;
				CODE_SIGN_STYLE = Automatic;
				CURRENT_PROJECT_VERSION = 1;
				DEVELOPMENT_TEAM = 9KK8ARQW28;
				GENERATE_INFOPLIST_FILE = YES;
				INFOPLIST_FILE = Spotify/Info.plist;
				INFOPLIST_KEY_UIApplicationSupportsIndirectInputEvents = YES;
				INFOPLIST_KEY_UILaunchStoryboardName = LaunchScreen;
				INFOPLIST_KEY_UISupportedInterfaceOrientations_iPad = "UIInterfaceOrientationPortrait UIInterfaceOrientationPortraitUpsideDown UIInterfaceOrientationLandscapeLeft UIInterfaceOrientationLandscapeRight";
				INFOPLIST_KEY_UISupportedInterfaceOrientations_iPhone = "UIInterfaceOrientationPortrait UIInterfaceOrientationLandscapeLeft UIInterfaceOrientationLandscapeRight";
				IPHONEOS_DEPLOYMENT_TARGET = 17.5;
				LD_RUNPATH_SEARCH_PATHS = (
					"$(inherited)",
					"@executable_path/Frameworks",
				);
				MARKETING_VERSION = 1.0;
				PRODUCT_BUNDLE_IDENTIFIER = thamenezs.Spotify;
				PRODUCT_NAME = "$(TARGET_NAME)";
				SWIFT_EMIT_LOC_STRINGS = YES;
				SWIFT_VERSION = 5.0;
				TARGETED_DEVICE_FAMILY = "1,2";
			};
			name = Release;
		};
		D6385E262D514FB800120301 /* Debug */ = {
			isa = XCBuildConfiguration;
			buildSettings = {
				ALWAYS_EMBED_SWIFT_STANDARD_LIBRARIES = YES;
				BUNDLE_LOADER = "$(TEST_HOST)";
				CODE_SIGN_STYLE = Automatic;
				CURRENT_PROJECT_VERSION = 1;
				DEVELOPMENT_TEAM = 9KK8ARQW28;
				GENERATE_INFOPLIST_FILE = YES;
				IPHONEOS_DEPLOYMENT_TARGET = 17.5;
				MARKETING_VERSION = 1.0;
				PRODUCT_BUNDLE_IDENTIFIER = thamenezs.SpotifyTests;
				PRODUCT_NAME = "$(TARGET_NAME)";
				SWIFT_EMIT_LOC_STRINGS = NO;
				SWIFT_VERSION = 5.0;
				TARGETED_DEVICE_FAMILY = "1,2";
				TEST_HOST = "$(BUILT_PRODUCTS_DIR)/Spotify.app/$(BUNDLE_EXECUTABLE_FOLDER_PATH)/Spotify";
			};
			name = Debug;
		};
		D6385E272D514FB800120301 /* Release */ = {
			isa = XCBuildConfiguration;
			buildSettings = {
				ALWAYS_EMBED_SWIFT_STANDARD_LIBRARIES = YES;
				BUNDLE_LOADER = "$(TEST_HOST)";
				CODE_SIGN_STYLE = Automatic;
				CURRENT_PROJECT_VERSION = 1;
				DEVELOPMENT_TEAM = 9KK8ARQW28;
				GENERATE_INFOPLIST_FILE = YES;
				IPHONEOS_DEPLOYMENT_TARGET = 17.5;
				MARKETING_VERSION = 1.0;
				PRODUCT_BUNDLE_IDENTIFIER = thamenezs.SpotifyTests;
				PRODUCT_NAME = "$(TARGET_NAME)";
				SWIFT_EMIT_LOC_STRINGS = NO;
				SWIFT_VERSION = 5.0;
				TARGETED_DEVICE_FAMILY = "1,2";
				TEST_HOST = "$(BUILT_PRODUCTS_DIR)/Spotify.app/$(BUNDLE_EXECUTABLE_FOLDER_PATH)/Spotify";
			};
			name = Release;
		};
		D6385E292D514FB800120301 /* Debug */ = {
			isa = XCBuildConfiguration;
			buildSettings = {
				ALWAYS_EMBED_SWIFT_STANDARD_LIBRARIES = YES;
				CODE_SIGN_STYLE = Automatic;
				CURRENT_PROJECT_VERSION = 1;
				DEVELOPMENT_TEAM = 9KK8ARQW28;
				GENERATE_INFOPLIST_FILE = YES;
				MARKETING_VERSION = 1.0;
				PRODUCT_BUNDLE_IDENTIFIER = thamenezs.SpotifyUITests;
				PRODUCT_NAME = "$(TARGET_NAME)";
				SWIFT_EMIT_LOC_STRINGS = NO;
				SWIFT_VERSION = 5.0;
				TARGETED_DEVICE_FAMILY = "1,2";
				TEST_TARGET_NAME = Spotify;
			};
			name = Debug;
		};
		D6385E2A2D514FB800120301 /* Release */ = {
			isa = XCBuildConfiguration;
			buildSettings = {
				ALWAYS_EMBED_SWIFT_STANDARD_LIBRARIES = YES;
				CODE_SIGN_STYLE = Automatic;
				CURRENT_PROJECT_VERSION = 1;
				DEVELOPMENT_TEAM = 9KK8ARQW28;
				GENERATE_INFOPLIST_FILE = YES;
				MARKETING_VERSION = 1.0;
				PRODUCT_BUNDLE_IDENTIFIER = thamenezs.SpotifyUITests;
				PRODUCT_NAME = "$(TARGET_NAME)";
				SWIFT_EMIT_LOC_STRINGS = NO;
				SWIFT_VERSION = 5.0;
				TARGETED_DEVICE_FAMILY = "1,2";
				TEST_TARGET_NAME = Spotify;
			};
			name = Release;
		};
/* End XCBuildConfiguration section */

/* Begin XCConfigurationList section */
		D6385DF32D514FB600120301 /* Build configuration list for PBXProject "Spotify" */ = {
			isa = XCConfigurationList;
			buildConfigurations = (
				D6385E202D514FB800120301 /* Debug */,
				D6385E212D514FB800120301 /* Release */,
			);
			defaultConfigurationIsVisible = 0;
			defaultConfigurationName = Release;
		};
		D6385E222D514FB800120301 /* Build configuration list for PBXNativeTarget "Spotify" */ = {
			isa = XCConfigurationList;
			buildConfigurations = (
				D6385E232D514FB800120301 /* Debug */,
				D6385E242D514FB800120301 /* Release */,
			);
			defaultConfigurationIsVisible = 0;
			defaultConfigurationName = Release;
		};
		D6385E252D514FB800120301 /* Build configuration list for PBXNativeTarget "SpotifyTests" */ = {
			isa = XCConfigurationList;
			buildConfigurations = (
				D6385E262D514FB800120301 /* Debug */,
				D6385E272D514FB800120301 /* Release */,
			);
			defaultConfigurationIsVisible = 0;
			defaultConfigurationName = Release;
		};
		D6385E282D514FB800120301 /* Build configuration list for PBXNativeTarget "SpotifyUITests" */ = {
			isa = XCConfigurationList;
			buildConfigurations = (
				D6385E292D514FB800120301 /* Debug */,
				D6385E2A2D514FB800120301 /* Release */,
			);
			defaultConfigurationIsVisible = 0;
			defaultConfigurationName = Release;
		};
/* End XCConfigurationList section */
	};
	rootObject = D6385DF02D514FB600120301 /* Project object */;
}
